
Microsoft Visual Studio Solution File, Format Version 12.00
# Visual Studio 15
VisualStudioVersion = 15.0.27703.1
MinimumVisualStudioVersion = 10.0.40219.1
Project("{8BC9CEB8-8B4A-11D0-8D11-00A0C91BC942}") = "CoreXimgprocSeg", "CoreXimgprocSeg\CoreXimgprocSeg.vcxproj", "{B2F4BFFE-A94D-4C9B-8B1E-83160D24ADF5}"
EndProject
Project("{8BC9CEB8-8B4A-11D0-8D11-00A0C91BC942}") = "CoreXimgprocSegWrapper", "CoreXimgprocSegWrapper\CoreXimgprocSegWrapper.vcxproj", "{72A3ECAB-9696-47A4-B236-264C94B02A6B}"
EndProject
Project("{FAE04EC0-301F-11D3-BF4B-00C04F79EFBC}") = "CoreXimgprocSegConsoleApp", "CoreXimgprocSegConsoleApp\CoreXimgprocSegConsoleApp.csproj", "{8309B918-12F8-45DA-B071-CFE3E0B53A4C}"
EndProject
Global
	GlobalSection(SolutionConfigurationPlatforms) = preSolution
		Debug|Any CPU = Debug|Any CPU
		Debug|x64 = Debug|x64
		Debug|x86 = Debug|x86
		Release|Any CPU = Release|Any CPU
		Release|x64 = Release|x64
		Release|x86 = Release|x86
	EndGlobalSection
	GlobalSection(ProjectConfigurationPlatforms) = postSolution
		{B2F4BFFE-A94D-4C9B-8B1E-83160D24ADF5}.Debug|Any CPU.ActiveCfg = Debug|Win32
		{B2F4BFFE-A94D-4C9B-8B1E-83160D24ADF5}.Debug|x64.ActiveCfg = Debug|x64
		{B2F4BFFE-A94D-4C9B-8B1E-83160D24ADF5}.Debug|x64.Build.0 = Debug|x64
		{B2F4BFFE-A94D-4C9B-8B1E-83160D24ADF5}.Debug|x86.ActiveCfg = Debug|Win32
		{B2F4BFFE-A94D-4C9B-8B1E-83160D24ADF5}.Debug|x86.Build.0 = Debug|Win32
		{B2F4BFFE-A94D-4C9B-8B1E-83160D24ADF5}.Release|Any CPU.ActiveCfg = Release|Win32
		{B2F4BFFE-A94D-4C9B-8B1E-83160D24ADF5}.Release|x64.ActiveCfg = Release|x64
		{B2F4BFFE-A94D-4C9B-8B1E-83160D24ADF5}.Release|x64.Build.0 = Release|x64
		{B2F4BFFE-A94D-4C9B-8B1E-83160D24ADF5}.Release|x86.ActiveCfg = Release|Win32
		{B2F4BFFE-A94D-4C9B-8B1E-83160D24ADF5}.Release|x86.Build.0 = Release|Win32
		{72A3ECAB-9696-47A4-B236-264C94B02A6B}.Debug|Any CPU.ActiveCfg = Debug|Win32
		{72A3ECAB-9696-47A4-B236-264C94B02A6B}.Debug|x64.ActiveCfg = Debug|x64
		{72A3ECAB-9696-47A4-B236-264C94B02A6B}.Debug|x64.Build.0 = Debug|x64
		{72A3ECAB-9696-47A4-B236-264C94B02A6B}.Debug|x86.ActiveCfg = Debug|Win32
		{72A3ECAB-9696-47A4-B236-264C94B02A6B}.Debug|x86.Build.0 = Debug|Win32
		{72A3ECAB-9696-47A4-B236-264C94B02A6B}.Release|Any CPU.ActiveCfg = Release|Win32
		{72A3ECAB-9696-47A4-B236-264C94B02A6B}.Release|x64.ActiveCfg = Release|x64
		{72A3ECAB-9696-47A4-B236-264C94B02A6B}.Release|x64.Build.0 = Release|x64
		{72A3ECAB-9696-47A4-B236-264C94B02A6B}.Release|x86.ActiveCfg = Release|Win32
		{72A3ECAB-9696-47A4-B236-264C94B02A6B}.Release|x86.Build.0 = Release|Win32
		{8309B918-12F8-45DA-B071-CFE3E0B53A4C}.Debug|Any CPU.ActiveCfg = Debug|Any CPU
		{8309B918-12F8-45DA-B071-CFE3E0B53A4C}.Debug|Any CPU.Build.0 = Debug|Any CPU
		{8309B918-12F8-45DA-B071-CFE3E0B53A4C}.Debug|x64.ActiveCfg = Debug|x64
		{8309B918-12F8-45DA-B071-CFE3E0B53A4C}.Debug|x64.Build.0 = Debug|x64
		{8309B918-12F8-45DA-B071-CFE3E0B53A4C}.Debug|x86.ActiveCfg = Debug|Any CPU
		{8309B918-12F8-45DA-B071-CFE3E0B53A4C}.Debug|x86.Build.0 = Debug|Any CPU
		{8309B918-12F8-45DA-B071-CFE3E0B53A4C}.Release|Any CPU.ActiveCfg = Release|Any CPU
		{8309B918-12F8-45DA-B071-CFE3E0B53A4C}.Release|Any CPU.Build.0 = Release|Any CPU
		{8309B918-12F8-45DA-B071-CFE3E0B53A4C}.Release|x64.ActiveCfg = Release|Any CPU
		{8309B918-12F8-45DA-B071-CFE3E0B53A4C}.Release|x64.Build.0 = Release|Any CPU
		{8309B918-12F8-45DA-B071-CFE3E0B53A4C}.Release|x86.ActiveCfg = Release|Any CPU
		{8309B918-12F8-45DA-B071-CFE3E0B53A4C}.Release|x86.Build.0 = Release|Any CPU
	EndGlobalSection
	GlobalSection(SolutionProperties) = preSolution
		HideSolutionNode = FALSE
	EndGlobalSection
	GlobalSection(ExtensibilityGlobals) = postSolution
		SolutionGuid = {FD5EB6F4-37F7-45AD-8984-E0465F086C7A}
	EndGlobalSection
EndGlobal
